# This file is automatically @generated by Cargo.
# It is not intended for manual editing.
[[package]]
name = "c-ffi"
version = "0.3.1"
source = "registry+https://github.com/rust-lang/crates.io-index"
dependencies = [
 "smart-ptr 0.3.1 (registry+https://github.com/rust-lang/crates.io-index)",
]

[[package]]
name = "dedup"
version = "0.1.0"
dependencies = [
 "c-ffi 0.3.1 (registry+https://github.com/rust-lang/crates.io-index)",
]

[[package]]
name = "smart-ptr"
version = "0.3.1"
source = "registry+https://github.com/rust-lang/crates.io-index"

[metadata]
"checksum c-ffi 0.3.1 (registry+https://github.com/rust-lang/crates.io-index)" = "044e4e950793cd6024aa5c9419ffbe8e9798b17b62b962e7d5a13ba7a8f9c3e9"
"checksum smart-ptr 0.3.1 (registry+https://github.com/rust-lang/crates.io-index)" = "12c2380c8b698ac54975ae7347da2efc91b09e95781bd369190ec077e5ec01bb"
